{
  "name": "nils-alfredworkflow",
  "version": "1.5.0",
  "lockfileVersion": 3,
  "requires": true,
  "packages": {
    "": {
      "name": "nils-alfredworkflow",
      "version": "1.5.0",
      "license": "CC0-1.0",
      "dependencies": {
        "playwright": "1.58.2"
      },
      "devDependencies": {
        "rumdl": "0.1.62"
      },
      "engines": {
        "node": ">=24"
      }
    },
    "node_modules/@rumdl/cli-darwin-arm64": {
      "version": "0.1.62",
      "resolved": "https://registry.npmjs.org/@rumdl/cli-darwin-arm64/-/cli-darwin-arm64-0.1.62.tgz",
      "integrity": "sha512-AkUn1O8C592eGxWouC2t6yjATFwAtgvF0psYzorl5kwN4sO31A3uPE70wh6B986u/aQjaJdFzbTqQ18ncsHfnQ==",
      "cpu": [
        "arm64"
      ],
      "dev": true,
      "license": "MIT",
      "optional": true,
      "os": [
        "darwin"
      ],
      "engines": {
        "node": ">=18.0.0"
      }
    },
    "node_modules/@rumdl/cli-darwin-x64": {
      "version": "0.1.62",
      "resolved": "https://registry.npmjs.org/@rumdl/cli-darwin-x64/-/cli-darwin-x64-0.1.62.tgz",
      "integrity": "sha512-HnRhQKyFw8YuWla308UIB1b9QRWpWowvg8XjZv99keTXFmgGFzZbdHHyw4QTrNk3mhL8f2YnNTyAAAZIjL7SBQ==",
      "cpu": [
        "x64"
      ],
      "dev": true,
      "license": "MIT",
      "optional": true,
      "os": [
        "darwin"
      ],
      "engines": {
        "node": ">=18.0.0"
      }
    },
    "node_modules/@rumdl/cli-linux-arm64": {
      "version": "0.1.62",
      "resolved": "https://registry.npmjs.org/@rumdl/cli-linux-arm64/-/cli-linux-arm64-0.1.62.tgz",
      "integrity": "sha512-GzEHPzEcjhT8WV3XZDyy8Yr0hQ5qlDBA0GXskDfNzdHFteUlzijtSgXiFOs/sHqFweGApcjJQefclg5Elw6BVQ==",
      "cpu": [
        "arm64"
      ],
      "dev": true,
      "libc": [
        "glibc"
      ],
      "license": "MIT",
      "optional": true,
      "os": [
        "linux"
      ],
      "engines": {
        "node": ">=18.0.0"
      }
    },
    "node_modules/@rumdl/cli-linux-arm64-musl": {
      "version": "0.1.62",
      "resolved": "https://registry.npmjs.org/@rumdl/cli-linux-arm64-musl/-/cli-linux-arm64-musl-0.1.62.tgz",
      "integrity": "sha512-pXYZ/AU/dLXGfMcH81YoVfugkkgltxmXZOTKES8a8MMD5/EVu3P+4oUgkhnNzBHCHrxjontEXXcVpQIAcq+HJw==",
      "cpu": [
        "arm64"
      ],
      "dev": true,
      "libc": [
        "musl"
      ],
      "license": "MIT",
      "optional": true,
      "os": [
        "linux"
      ],
      "engines": {
        "node": ">=18.0.0"
      }
    },
    "node_modules/@rumdl/cli-linux-x64": {
      "version": "0.1.62",
      "resolved": "https://registry.npmjs.org/@rumdl/cli-linux-x64/-/cli-linux-x64-0.1.62.tgz",
      "integrity": "sha512-RfvLouYZVqgwHL8tP1d40wVS5ffuGZqcvlXbZcvnp2eurPjM/ma/vINMDLT16RIfF1OnBO+Vzt9Juvnwh11mKA==",
      "cpu": [
        "x64"
      ],
      "dev": true,
      "libc": [
        "glibc"
      ],
      "license": "MIT",
      "optional": true,
      "os": [
        "linux"
      ],
      "engines": {
        "node": ">=18.0.0"
      }
    },
    "node_modules/@rumdl/cli-linux-x64-musl": {
      "version": "0.1.62",
      "resolved": "https://registry.npmjs.org/@rumdl/cli-linux-x64-musl/-/cli-linux-x64-musl-0.1.62.tgz",
      "integrity": "sha512-wC26Rkf0cR6TT7OfkKZXberdryRXAP4A3f5fmFC4N8WA9PbP5/TnzT2gR/Zk1yFUVBzvOgnqttXxdAGLzHsGBw==",
      "cpu": [
        "x64"
      ],
      "dev": true,
      "libc": [
        "musl"
      ],
      "license": "MIT",
      "optional": true,
      "os": [
        "linux"
      ],
      "engines": {
        "node": ">=18.0.0"
      }
    },
    "node_modules/@rumdl/cli-win32-x64": {
      "version": "0.1.62",
      "resolved": "https://registry.npmjs.org/@rumdl/cli-win32-x64/-/cli-win32-x64-0.1.62.tgz",
      "integrity": "sha512-5A1mv5RvmN5UINp2MpZpSO/QEAx45r0JGjL/1M/0eWFQcwwrDTqLr3+TRlnez6RXe1nUoK7siYWI73SXPZjPgQ==",
      "cpu": [
        "x64"
      ],
      "dev": true,
      "license": "MIT",
      "optional": true,
      "os": [
        "win32"
      ],
      "engines": {
        "node": ">=18.0.0"
      }
    },
    "node_modules/fsevents": {
      "version": "2.3.2",
      "resolved": "https://registry.npmjs.org/fsevents/-/fsevents-2.3.2.tgz",
      "integrity": "sha512-xiqMQR4xAeHTuB9uWm+fFRcIOgKBMiOBP+eXiyT7jsgVCq1bkVygt00oASowB7EdtpOHaaPgKt812P9ab+DDKA==",
      "hasInstallScript": true,
      "license": "MIT",
      "optional": true,
      "os": [
        "darwin"
      ],
      "engines": {
        "node": "^8.16.0 || ^10.6.0 || >=11.0.0"
      }
    },
    "node_modules/playwright": {
      "version": "1.58.2",
      "resolved": "https://registry.npmjs.org/playwright/-/playwright-1.58.2.tgz",
      "integrity": "sha512-vA30H8Nvkq/cPBnNw4Q8TWz1EJyqgpuinBcHET0YVJVFldr8JDNiU9LaWAE1KqSkRYazuaBhTpB5ZzShOezQ6A==",
      "license": "Apache-2.0",
      "dependencies": {
        "playwright-core": "1.58.2"
      },
      "bin": {
        "playwright": "cli.js"
      },
      "engines": {
        "node": ">=18"
      },
      "optionalDependencies": {
        "fsevents": "2.3.2"
      }
    },
    "node_modules/playwright-core": {
      "version": "1.58.2",
      "resolved": "https://registry.npmjs.org/playwright-core/-/playwright-core-1.58.2.tgz",
      "integrity": "sha512-yZkEtftgwS8CsfYo7nm0KE8jsvm6i/PTgVtB8DL726wNf6H2IMsDuxCpJj59KDaxCtSnrWan2AeDqM7JBaultg==",
      "license": "Apache-2.0",
      "bin": {
        "playwright-core": "cli.js"
      },
      "engines": {
        "node": ">=18"
      }
    },
    "node_modules/rumdl": {
      "version": "0.1.62",
      "resolved": "https://registry.npmjs.org/rumdl/-/rumdl-0.1.62.tgz",
      "integrity": "sha512-PruCEdAZXZuAQHulVwrTdxKApK9c+htcUDqduzP0CxMG2+oRjQciit62evWaTwJ6a8Wj0YOz2Uoh9uHSf2v1vg==",
      "dev": true,
      "license": "MIT",
      "bin": {
        "rumdl": "bin/rumdl"
      },
      "engines": {
        "node": ">=18.0.0"
      },
      "optionalDependencies": {
        "@rumdl/cli-darwin-arm64": "0.1.62",
        "@rumdl/cli-darwin-x64": "0.1.62",
        "@rumdl/cli-linux-arm64": "0.1.62",
        "@rumdl/cli-linux-arm64-musl": "0.1.62",
        "@rumdl/cli-linux-x64": "0.1.62",
        "@rumdl/cli-linux-x64-musl": "0.1.62",
        "@rumdl/cli-win32-x64": "0.1.62"
      }
    }
  }
}
